// !$*UTF8*$!
{
	archiveVersion = 1;
	classes = {
	};
	objectVersion = 56;
	objects = {

/* Begin PBXBuildFile section */
		69F8D2A82AE750C0001FE388 /* AppDelegate.swift in Sources */ = {isa = PBXBuildFile; fileRef = 69F8D2A72AE750C0001FE388 /* AppDelegate.swift */; };
		69F8D2AA2AE750C0001FE388 /* SceneDelegate.swift in Sources */ = {isa = PBXBuildFile; fileRef = 69F8D2A92AE750C0001FE388 /* SceneDelegate.swift */; };
		69F8D2AC2AE750C0001FE388 /* TrackersViewController.swift in Sources */ = {isa = PBXBuildFile; fileRef = 69F8D2AB2AE750C0001FE388 /* TrackersViewController.swift */; };
		69F8D2B12AE750C2001FE388 /* Assets.xcassets in Resources */ = {isa = PBXBuildFile; fileRef = 69F8D2B02AE750C2001FE388 /* Assets.xcassets */; };
		69F8D2B42AE750C2001FE388 /* LaunchScreen.storyboard in Resources */ = {isa = PBXBuildFile; fileRef = 69F8D2B22AE750C2001FE388 /* LaunchScreen.storyboard */; };
		69F8D2BD2AE75345001FE388 /* TabBarController.swift in Sources */ = {isa = PBXBuildFile; fileRef = 69F8D2BC2AE75345001FE388 /* TabBarController.swift */; };
		69F8D2BF2AE7536B001FE388 /* StatisticController.swift in Sources */ = {isa = PBXBuildFile; fileRef = 69F8D2BE2AE7536B001FE388 /* StatisticController.swift */; };
		69F8D2C12AE753B0001FE388 /* TrackersCollectionViewCell.swift in Sources */ = {isa = PBXBuildFile; fileRef = 69F8D2C02AE753B0001FE388 /* TrackersCollectionViewCell.swift */; };
		69F8D2C32AE753E7001FE388 /* TrackersSupplementaryView.swift in Sources */ = {isa = PBXBuildFile; fileRef = 69F8D2C22AE753E7001FE388 /* TrackersSupplementaryView.swift */; };
		69F8D2C62AE75450001FE388 /* CreateTrackerViewController.swift in Sources */ = {isa = PBXBuildFile; fileRef = 69F8D2C52AE75450001FE388 /* CreateTrackerViewController.swift */; };
		69F8D2C82AE75473001FE388 /* CreateHabbitViewController.swift in Sources */ = {isa = PBXBuildFile; fileRef = 69F8D2C72AE75473001FE388 /* CreateHabbitViewController.swift */; };
		69F8D2CA2AE754A6001FE388 /* ColorsCollectionViewCell.swift in Sources */ = {isa = PBXBuildFile; fileRef = 69F8D2C92AE754A6001FE388 /* ColorsCollectionViewCell.swift */; };
		69F8D2CC2AE754B9001FE388 /* EmojiCollectionViewCell.swift in Sources */ = {isa = PBXBuildFile; fileRef = 69F8D2CB2AE754B9001FE388 /* EmojiCollectionViewCell.swift */; };
		69F8D2CE2AE754E9001FE388 /* CreateTrackerSupplementaryView.swift in Sources */ = {isa = PBXBuildFile; fileRef = 69F8D2CD2AE754E9001FE388 /* CreateTrackerSupplementaryView.swift */; };
		69F8D2D02AE75547001FE388 /* CreateCategoryViewController.swift in Sources */ = {isa = PBXBuildFile; fileRef = 69F8D2CF2AE75547001FE388 /* CreateCategoryViewController.swift */; };
		69F8D2D22AE7556E001FE388 /* ScheduleViewController.swift in Sources */ = {isa = PBXBuildFile; fileRef = 69F8D2D12AE7556E001FE388 /* ScheduleViewController.swift */; };
		69F8D2D52AE755C6001FE388 /* Tracker.swift in Sources */ = {isa = PBXBuildFile; fileRef = 69F8D2D42AE755C6001FE388 /* Tracker.swift */; };
		69F8D2D72AE755E4001FE388 /* TrackerCategory.swift in Sources */ = {isa = PBXBuildFile; fileRef = 69F8D2D62AE755E4001FE388 /* TrackerCategory.swift */; };
		69F8D2D92AE755FB001FE388 /* TrackerRecord.swift in Sources */ = {isa = PBXBuildFile; fileRef = 69F8D2D82AE755FB001FE388 /* TrackerRecord.swift */; };
		69F8D2DB2AE75611001FE388 /* Schedule.swift in Sources */ = {isa = PBXBuildFile; fileRef = 69F8D2DA2AE75611001FE388 /* Schedule.swift */; };
/* End PBXBuildFile section */

/* Begin PBXFileReference section */
		69F8D2A42AE750C0001FE388 /* TrackerProject.app */ = {isa = PBXFileReference; explicitFileType = wrapper.application; includeInIndex = 0; path = TrackerProject.app; sourceTree = BUILT_PRODUCTS_DIR; };
		69F8D2A72AE750C0001FE388 /* AppDelegate.swift */ = {isa = PBXFileReference; lastKnownFileType = sourcecode.swift; path = AppDelegate.swift; sourceTree = "<group>"; };
		69F8D2A92AE750C0001FE388 /* SceneDelegate.swift */ = {isa = PBXFileReference; lastKnownFileType = sourcecode.swift; path = SceneDelegate.swift; sourceTree = "<group>"; };
		69F8D2AB2AE750C0001FE388 /* TrackersViewController.swift */ = {isa = PBXFileReference; lastKnownFileType = sourcecode.swift; path = TrackersViewController.swift; sourceTree = "<group>"; };
		69F8D2B02AE750C2001FE388 /* Assets.xcassets */ = {isa = PBXFileReference; lastKnownFileType = folder.assetcatalog; path = Assets.xcassets; sourceTree = "<group>"; };
		69F8D2B32AE750C2001FE388 /* Base */ = {isa = PBXFileReference; lastKnownFileType = file.storyboard; name = Base; path = Base.lproj/LaunchScreen.storyboard; sourceTree = "<group>"; };
		69F8D2B52AE750C2001FE388 /* Info.plist */ = {isa = PBXFileReference; lastKnownFileType = text.plist.xml; path = Info.plist; sourceTree = "<group>"; };
		69F8D2BC2AE75345001FE388 /* TabBarController.swift */ = {isa = PBXFileReference; lastKnownFileType = sourcecode.swift; path = TabBarController.swift; sourceTree = "<group>"; };
		69F8D2BE2AE7536B001FE388 /* StatisticController.swift */ = {isa = PBXFileReference; lastKnownFileType = sourcecode.swift; path = StatisticController.swift; sourceTree = "<group>"; };
		69F8D2C02AE753B0001FE388 /* TrackersCollectionViewCell.swift */ = {isa = PBXFileReference; lastKnownFileType = sourcecode.swift; path = TrackersCollectionViewCell.swift; sourceTree = "<group>"; };
		69F8D2C22AE753E7001FE388 /* TrackersSupplementaryView.swift */ = {isa = PBXFileReference; lastKnownFileType = sourcecode.swift; path = TrackersSupplementaryView.swift; sourceTree = "<group>"; };
		69F8D2C52AE75450001FE388 /* CreateTrackerViewController.swift */ = {isa = PBXFileReference; lastKnownFileType = sourcecode.swift; path = CreateTrackerViewController.swift; sourceTree = "<group>"; };
		69F8D2C72AE75473001FE388 /* CreateHabbitViewController.swift */ = {isa = PBXFileReference; lastKnownFileType = sourcecode.swift; path = CreateHabbitViewController.swift; sourceTree = "<group>"; };
		69F8D2C92AE754A6001FE388 /* ColorsCollectionViewCell.swift */ = {isa = PBXFileReference; lastKnownFileType = sourcecode.swift; path = ColorsCollectionViewCell.swift; sourceTree = "<group>"; };
		69F8D2CB2AE754B9001FE388 /* EmojiCollectionViewCell.swift */ = {isa = PBXFileReference; lastKnownFileType = sourcecode.swift; path = EmojiCollectionViewCell.swift; sourceTree = "<group>"; };
		69F8D2CD2AE754E9001FE388 /* CreateTrackerSupplementaryView.swift */ = {isa = PBXFileReference; lastKnownFileType = sourcecode.swift; path = CreateTrackerSupplementaryView.swift; sourceTree = "<group>"; };
		69F8D2CF2AE75547001FE388 /* CreateCategoryViewController.swift */ = {isa = PBXFileReference; lastKnownFileType = sourcecode.swift; path = CreateCategoryViewController.swift; sourceTree = "<group>"; };
		69F8D2D12AE7556E001FE388 /* ScheduleViewController.swift */ = {isa = PBXFileReference; lastKnownFileType = sourcecode.swift; path = ScheduleViewController.swift; sourceTree = "<group>"; };
		69F8D2D42AE755C6001FE388 /* Tracker.swift */ = {isa = PBXFileReference; lastKnownFileType = sourcecode.swift; path = Tracker.swift; sourceTree = "<group>"; };
		69F8D2D62AE755E4001FE388 /* TrackerCategory.swift */ = {isa = PBXFileReference; lastKnownFileType = sourcecode.swift; path = TrackerCategory.swift; sourceTree = "<group>"; };
		69F8D2D82AE755FB001FE388 /* TrackerRecord.swift */ = {isa = PBXFileReference; lastKnownFileType = sourcecode.swift; path = TrackerRecord.swift; sourceTree = "<group>"; };
		69F8D2DA2AE75611001FE388 /* Schedule.swift */ = {isa = PBXFileReference; lastKnownFileType = sourcecode.swift; path = Schedule.swift; sourceTree = "<group>"; };
/* End PBXFileReference section */

/* Begin PBXFrameworksBuildPhase section */
		69F8D2A12AE750C0001FE388 /* Frameworks */ = {
			isa = PBXFrameworksBuildPhase;
			buildActionMask = 2147483647;
			files = (
			);
			runOnlyForDeploymentPostprocessing = 0;
		};
/* End PBXFrameworksBuildPhase section */

/* Begin PBXGroup section */
		69F8D29B2AE750C0001FE388 = {
			isa = PBXGroup;
			children = (
				69F8D2A62AE750C0001FE388 /* TrackerProject */,
				69F8D2A52AE750C0001FE388 /* Products */,
			);
			sourceTree = "<group>";
		};
		69F8D2A52AE750C0001FE388 /* Products */ = {
			isa = PBXGroup;
			children = (
				69F8D2A42AE750C0001FE388 /* TrackerProject.app */,
			);
			name = Products;
			sourceTree = "<group>";
		};
		69F8D2A62AE750C0001FE388 /* TrackerProject */ = {
			isa = PBXGroup;
			children = (
				69F8D2D32AE755B5001FE388 /* Models */,
				69F8D2BB2AE752F0001FE388 /* TrackersViewController */,
				69F8D2C42AE75423001FE388 /* CreateHabbitViewController */,
				69F8D2CF2AE75547001FE388 /* CreateCategoryViewController.swift */,
				69F8D2D12AE7556E001FE388 /* ScheduleViewController.swift */,
				69F8D2A72AE750C0001FE388 /* AppDelegate.swift */,
				69F8D2A92AE750C0001FE388 /* SceneDelegate.swift */,
				69F8D2B02AE750C2001FE388 /* Assets.xcassets */,
				69F8D2B22AE750C2001FE388 /* LaunchScreen.storyboard */,
				69F8D2B52AE750C2001FE388 /* Info.plist */,
			);
			path = TrackerProject;
			sourceTree = "<group>";
		};
		69F8D2BB2AE752F0001FE388 /* TrackersViewController */ = {
			isa = PBXGroup;
			children = (
				69F8D2BC2AE75345001FE388 /* TabBarController.swift */,
				69F8D2AB2AE750C0001FE388 /* TrackersViewController.swift */,
				69F8D2C02AE753B0001FE388 /* TrackersCollectionViewCell.swift */,
				69F8D2C22AE753E7001FE388 /* TrackersSupplementaryView.swift */,
				69F8D2BE2AE7536B001FE388 /* StatisticController.swift */,
			);
			path = TrackersViewController;
			sourceTree = "<group>";
		};
		69F8D2C42AE75423001FE388 /* CreateHabbitViewController */ = {
			isa = PBXGroup;
			children = (
				69F8D2C52AE75450001FE388 /* CreateTrackerViewController.swift */,
				69F8D2C72AE75473001FE388 /* CreateHabbitViewController.swift */,
				69F8D2C92AE754A6001FE388 /* ColorsCollectionViewCell.swift */,
				69F8D2CB2AE754B9001FE388 /* EmojiCollectionViewCell.swift */,
				69F8D2CD2AE754E9001FE388 /* CreateTrackerSupplementaryView.swift */,
			);
			path = CreateHabbitViewController;
			sourceTree = "<group>";
		};
		69F8D2D32AE755B5001FE388 /* Models */ = {
			isa = PBXGroup;
			children = (
				69F8D2D42AE755C6001FE388 /* Tracker.swift */,
				69F8D2D62AE755E4001FE388 /* TrackerCategory.swift */,
				69F8D2D82AE755FB001FE388 /* TrackerRecord.swift */,
				69F8D2DA2AE75611001FE388 /* Schedule.swift */,
			);
			path = Models;
			sourceTree = "<group>";
		};
/* End PBXGroup section */

/* Begin PBXNativeTarget section */
		69F8D2A32AE750C0001FE388 /* TrackerProject */ = {
			isa = PBXNativeTarget;
			buildConfigurationList = 69F8D2B82AE750C2001FE388 /* Build configuration list for PBXNativeTarget "TrackerProject" */;
			buildPhases = (
				69F8D2A02AE750C0001FE388 /* Sources */,
				69F8D2A12AE750C0001FE388 /* Frameworks */,
				69F8D2A22AE750C0001FE388 /* Resources */,
			);
			buildRules = (
			);
			dependencies = (
			);
			name = TrackerProject;
			productName = TrackerProject;
			productReference = 69F8D2A42AE750C0001FE388 /* TrackerProject.app */;
			productType = "com.apple.product-type.application";
		};
/* End PBXNativeTarget section */

/* Begin PBXProject section */
		69F8D29C2AE750C0001FE388 /* Project object */ = {
			isa = PBXProject;
			attributes = {
				BuildIndependentTargetsInParallel = 1;
				LastSwiftUpdateCheck = 1500;
				LastUpgradeCheck = 1500;
				TargetAttributes = {
					69F8D2A32AE750C0001FE388 = {
						CreatedOnToolsVersion = 15.0.1;
					};
				};
			};
			buildConfigurationList = 69F8D29F2AE750C0001FE388 /* Build configuration list for PBXProject "TrackerProject" */;
			compatibilityVersion = "Xcode 14.0";
			developmentRegion = en;
			hasScannedForEncodings = 0;
			knownRegions = (
				en,
				Base,
			);
			mainGroup = 69F8D29B2AE750C0001FE388;
			productRefGroup = 69F8D2A52AE750C0001FE388 /* Products */;
			projectDirPath = "";
			projectRoot = "";
			targets = (
				69F8D2A32AE750C0001FE388 /* TrackerProject */,
			);
		};
/* End PBXProject section */

/* Begin PBXResourcesBuildPhase section */
		69F8D2A22AE750C0001FE388 /* Resources */ = {
			isa = PBXResourcesBuildPhase;
			buildActionMask = 2147483647;
			files = (
				69F8D2B42AE750C2001FE388 /* LaunchScreen.storyboard in Resources */,
				69F8D2B12AE750C2001FE388 /* Assets.xcassets in Resources */,
			);
			runOnlyForDeploymentPostprocessing = 0;
		};
/* End PBXResourcesBuildPhase section */

/* Begin PBXSourcesBuildPhase section */
		69F8D2A02AE750C0001FE388 /* Sources */ = {
			isa = PBXSourcesBuildPhase;
			buildActionMask = 2147483647;
			files = (
				69F8D2C12AE753B0001FE388 /* TrackersCollectionViewCell.swift in Sources */,
				69F8D2C62AE75450001FE388 /* CreateTrackerViewController.swift in Sources */,
				69F8D2AC2AE750C0001FE388 /* TrackersViewController.swift in Sources */,
				69F8D2D02AE75547001FE388 /* CreateCategoryViewController.swift in Sources */,
				69F8D2CE2AE754E9001FE388 /* CreateTrackerSupplementaryView.swift in Sources */,
				69F8D2D22AE7556E001FE388 /* ScheduleViewController.swift in Sources */,
				69F8D2BD2AE75345001FE388 /* TabBarController.swift in Sources */,
				69F8D2C82AE75473001FE388 /* CreateHabbitViewController.swift in Sources */,
				69F8D2CC2AE754B9001FE388 /* EmojiCollectionViewCell.swift in Sources */,
				69F8D2BF2AE7536B001FE388 /* StatisticController.swift in Sources */,
				69F8D2D72AE755E4001FE388 /* TrackerCategory.swift in Sources */,
				69F8D2D92AE755FB001FE388 /* TrackerRecord.swift in Sources */,
				69F8D2DB2AE75611001FE388 /* Schedule.swift in Sources */,
				69F8D2CA2AE754A6001FE388 /* ColorsCollectionViewCell.swift in Sources */,
				69F8D2A82AE750C0001FE388 /* AppDelegate.swift in Sources */,
				69F8D2D52AE755C6001FE388 /* Tracker.swift in Sources */,
				69F8D2AA2AE750C0001FE388 /* SceneDelegate.swift in Sources */,
				69F8D2C32AE753E7001FE388 /* TrackersSupplementaryView.swift in Sources */,
			);
			runOnlyForDeploymentPostprocessing = 0;
		};
/* End PBXSourcesBuildPhase section */

/* Begin PBXVariantGroup section */
		69F8D2B22AE750C2001FE388 /* LaunchScreen.storyboard */ = {
			isa = PBXVariantGroup;
			children = (
				69F8D2B32AE750C2001FE388 /* Base */,
			);
			name = LaunchScreen.storyboard;
			sourceTree = "<group>";
		};
/* End PBXVariantGroup section */

/* Begin XCBuildConfiguration section */
		69F8D2B62AE750C2001FE388 /* Debug */ = {
			isa = XCBuildConfiguration;
			buildSettings = {
				ALWAYS_SEARCH_USER_PATHS = NO;
				ASSETCATALOG_COMPILER_GENERATE_SWIFT_ASSET_SYMBOL_EXTENSIONS = YES;
				CLANG_ANALYZER_NONNULL = YES;
				CLANG_ANALYZER_NUMBER_OBJECT_CONVERSION = YES_AGGRESSIVE;
				CLANG_CXX_LANGUAGE_STANDARD = "gnu++20";
				CLANG_ENABLE_MODULES = YES;
				CLANG_ENABLE_OBJC_ARC = YES;
				CLANG_ENABLE_OBJC_WEAK = YES;
				CLANG_WARN_BLOCK_CAPTURE_AUTORELEASING = YES;
				CLANG_WARN_BOOL_CONVERSION = YES;
				CLANG_WARN_COMMA = YES;
				CLANG_WARN_CONSTANT_CONVERSION = YES;
				CLANG_WARN_DEPRECATED_OBJC_IMPLEMENTATIONS = YES;
				CLANG_WARN_DIRECT_OBJC_ISA_USAGE = YES_ERROR;
				CLANG_WARN_DOCUMENTATION_COMMENTS = YES;
				CLANG_WARN_EMPTY_BODY = YES;
				CLANG_WARN_ENUM_CONVERSION = YES;
				CLANG_WARN_INFINITE_RECURSION = YES;
				CLANG_WARN_INT_CONVERSION = YES;
				CLANG_WARN_NON_LITERAL_NULL_CONVERSION = YES;
				CLANG_WARN_OBJC_IMPLICIT_RETAIN_SELF = YES;
				CLANG_WARN_OBJC_LITERAL_CONVERSION = YES;
				CLANG_WARN_OBJC_ROOT_CLASS = YES_ERROR;
				CLANG_WARN_QUOTED_INCLUDE_IN_FRAMEWORK_HEADER = YES;
				CLANG_WARN_RANGE_LOOP_ANALYSIS = YES;
				CLANG_WARN_STRICT_PROTOTYPES = YES;
				CLANG_WARN_SUSPICIOUS_MOVE = YES;
				CLANG_WARN_UNGUARDED_AVAILABILITY = YES_AGGRESSIVE;
				CLANG_WARN_UNREACHABLE_CODE = YES;
				CLANG_WARN__DUPLICATE_METHOD_MATCH = YES;
				COPY_PHASE_STRIP = NO;
				DEBUG_INFORMATION_FORMAT = dwarf;
				ENABLE_STRICT_OBJC_MSGSEND = YES;
				ENABLE_TESTABILITY = YES;
				ENABLE_USER_SCRIPT_SANDBOXING = YES;
				GCC_C_LANGUAGE_STANDARD = gnu17;
				GCC_DYNAMIC_NO_PIC = NO;
				GCC_NO_COMMON_BLOCKS = YES;
				GCC_OPTIMIZATION_LEVEL = 0;
				GCC_PREPROCESSOR_DEFINITIONS = (
					"DEBUG=1",
					"$(inherited)",
				);
				GCC_WARN_64_TO_32_BIT_CONVERSION = YES;
				GCC_WARN_ABOUT_RETURN_TYPE = YES_ERROR;
				GCC_WARN_UNDECLARED_SELECTOR = YES;
				GCC_WARN_UNINITIALIZED_AUTOS = YES_AGGRESSIVE;
				GCC_WARN_UNUSED_FUNCTION = YES;
				GCC_WARN_UNUSED_VARIABLE = YES;
				IPHONEOS_DEPLOYMENT_TARGET = 17.0;
				LOCALIZATION_PREFERS_STRING_CATALOGS = YES;
				MTL_ENABLE_DEBUG_INFO = INCLUDE_SOURCE;
				MTL_FAST_MATH = YES;
				ONLY_ACTIVE_ARCH = YES;
				SDKROOT = iphoneos;
				SWIFT_ACTIVE_COMPILATION_CONDITIONS = "DEBUG $(inherited)";
				SWIFT_OPTIMIZATION_LEVEL = "-Onone";
			};
			name = Debug;
		};
		69F8D2B72AE750C2001FE388 /* Release */ = {
			isa = XCBuildConfiguration;
			buildSettings = {
				ALWAYS_SEARCH_USER_PATHS = NO;
				ASSETCATALOG_COMPILER_GENERATE_SWIFT_ASSET_SYMBOL_EXTENSIONS = YES;
				CLANG_ANALYZER_NONNULL = YES;
				CLANG_ANALYZER_NUMBER_OBJECT_CONVERSION = YES_AGGRESSIVE;
				CLANG_CXX_LANGUAGE_STANDARD = "gnu++20";
				CLANG_ENABLE_MODULES = YES;
				CLANG_ENABLE_OBJC_ARC = YES;
				CLANG_ENABLE_OBJC_WEAK = YES;
				CLANG_WARN_BLOCK_CAPTURE_AUTORELEASING = YES;
				CLANG_WARN_BOOL_CONVERSION = YES;
				CLANG_WARN_COMMA = YES;
				CLANG_WARN_CONSTANT_CONVERSION = YES;
				CLANG_WARN_DEPRECATED_OBJC_IMPLEMENTATIONS = YES;
				CLANG_WARN_DIRECT_OBJC_ISA_USAGE = YES_ERROR;
				CLANG_WARN_DOCUMENTATION_COMMENTS = YES;
				CLANG_WARN_EMPTY_BODY = YES;
				CLANG_WARN_ENUM_CONVERSION = YES;
				CLANG_WARN_INFINITE_RECURSION = YES;
				CLANG_WARN_INT_CONVERSION = YES;
				CLANG_WARN_NON_LITERAL_NULL_CONVERSION = YES;
				CLANG_WARN_OBJC_IMPLICIT_RETAIN_SELF = YES;
				CLANG_WARN_OBJC_LITERAL_CONVERSION = YES;
				CLANG_WARN_OBJC_ROOT_CLASS = YES_ERROR;
				CLANG_WARN_QUOTED_INCLUDE_IN_FRAMEWORK_HEADER = YES;
				CLANG_WARN_RANGE_LOOP_ANALYSIS = YES;
				CLANG_WARN_STRICT_PROTOTYPES = YES;
				CLANG_WARN_SUSPICIOUS_MOVE = YES;
				CLANG_WARN_UNGUARDED_AVAILABILITY = YES_AGGRESSIVE;
				CLANG_WARN_UNREACHABLE_CODE = YES;
				CLANG_WARN__DUPLICATE_METHOD_MATCH = YES;
				COPY_PHASE_STRIP = NO;
				DEBUG_INFORMATION_FORMAT = "dwarf-with-dsym";
				ENABLE_NS_ASSERTIONS = NO;
				ENABLE_STRICT_OBJC_MSGSEND = YES;
				ENABLE_USER_SCRIPT_SANDBOXING = YES;
				GCC_C_LANGUAGE_STANDARD = gnu17;
				GCC_NO_COMMON_BLOCKS = YES;
				GCC_WARN_64_TO_32_BIT_CONVERSION = YES;
				GCC_WARN_ABOUT_RETURN_TYPE = YES_ERROR;
				GCC_WARN_UNDECLARED_SELECTOR = YES;
				GCC_WARN_UNINITIALIZED_AUTOS = YES_AGGRESSIVE;
				GCC_WARN_UNUSED_FUNCTION = YES;
				GCC_WARN_UNUSED_VARIABLE = YES;
				IPHONEOS_DEPLOYMENT_TARGET = 17.0;
				LOCALIZATION_PREFERS_STRING_CATALOGS = YES;
				MTL_ENABLE_DEBUG_INFO = NO;
				MTL_FAST_MATH = YES;
				SDKROOT = iphoneos;
				SWIFT_COMPILATION_MODE = wholemodule;
				VALIDATE_PRODUCT = YES;
			};
			name = Release;
		};
		69F8D2B92AE750C2001FE388 /* Debug */ = {
			isa = XCBuildConfiguration;
			buildSettings = {
				ASSETCATALOG_COMPILER_APPICON_NAME = AppIcon;
				ASSETCATALOG_COMPILER_GLOBAL_ACCENT_COLOR_NAME = AccentColor;
				CODE_SIGN_STYLE = Automatic;
				CURRENT_PROJECT_VERSION = 1;
				DEVELOPMENT_TEAM = VJUR6RTZFU;
				GENERATE_INFOPLIST_FILE = YES;
				INFOPLIST_FILE = TrackerProject/Info.plist;
				INFOPLIST_KEY_UIApplicationSupportsIndirectInputEvents = YES;
				INFOPLIST_KEY_UILaunchStoryboardName = LaunchScreen;
				INFOPLIST_KEY_UISupportedInterfaceOrientations_iPad = "UIInterfaceOrientationPortrait UIInterfaceOrientationPortraitUpsideDown UIInterfaceOrientationLandscapeLeft UIInterfaceOrientationLandscapeRight";
				INFOPLIST_KEY_UISupportedInterfaceOrientations_iPhone = "UIInterfaceOrientationPortrait UIInterfaceOrientationLandscapeLeft UIInterfaceOrientationLandscapeRight";
				LD_RUNPATH_SEARCH_PATHS = (
					"$(inherited)",
					"@executable_path/Frameworks",
				);
				MARKETING_VERSION = 1.0;
				PRODUCT_BUNDLE_IDENTIFIER = ru.yandex.practicum.TrackerProject;
				PRODUCT_NAME = "$(TARGET_NAME)";
				SWIFT_EMIT_LOC_STRINGS = YES;
				SWIFT_VERSION = 5.0;
				TARGETED_DEVICE_FAMILY = "1,2";
			};
			name = Debug;
		};
		69F8D2BA2AE750C2001FE388 /* Release */ = {
			isa = XCBuildConfiguration;
			buildSettings = {
				ASSETCATALOG_COMPILER_APPICON_NAME = AppIcon;
				ASSETCATALOG_COMPILER_GLOBAL_ACCENT_COLOR_NAME = AccentColor;
				CODE_SIGN_STYLE = Automatic;
				CURRENT_PROJECT_VERSION = 1;
				DEVELOPMENT_TEAM = VJUR6RTZFU;
				GENERATE_INFOPLIST_FILE = YES;
				INFOPLIST_FILE = TrackerProject/Info.plist;
				INFOPLIST_KEY_UIApplicationSupportsIndirectInputEvents = YES;
				INFOPLIST_KEY_UILaunchStoryboardName = LaunchScreen;
				INFOPLIST_KEY_UISupportedInterfaceOrientations_iPad = "UIInterfaceOrientationPortrait UIInterfaceOrientationPortraitUpsideDown UIInterfaceOrientationLandscapeLeft UIInterfaceOrientationLandscapeRight";
				INFOPLIST_KEY_UISupportedInterfaceOrientations_iPhone = "UIInterfaceOrientationPortrait UIInterfaceOrientationLandscapeLeft UIInterfaceOrientationLandscapeRight";
				LD_RUNPATH_SEARCH_PATHS = (
					"$(inherited)",
					"@executable_path/Frameworks",
				);
				MARKETING_VERSION = 1.0;
				PRODUCT_BUNDLE_IDENTIFIER = ru.yandex.practicum.TrackerProject;
				PRODUCT_NAME = "$(TARGET_NAME)";
				SWIFT_EMIT_LOC_STRINGS = YES;
				SWIFT_VERSION = 5.0;
				TARGETED_DEVICE_FAMILY = "1,2";
			};
			name = Release;
		};
/* End XCBuildConfiguration section */

/* Begin XCConfigurationList section */
		69F8D29F2AE750C0001FE388 /* Build configuration list for PBXProject "TrackerProject" */ = {
			isa = XCConfigurationList;
			buildConfigurations = (
				69F8D2B62AE750C2001FE388 /* Debug */,
				69F8D2B72AE750C2001FE388 /* Release */,
			);
			defaultConfigurationIsVisible = 0;
			defaultConfigurationName = Release;
		};
		69F8D2B82AE750C2001FE388 /* Build configuration list for PBXNativeTarget "TrackerProject" */ = {
			isa = XCConfigurationList;
			buildConfigurations = (
				69F8D2B92AE750C2001FE388 /* Debug */,
				69F8D2BA2AE750C2001FE388 /* Release */,
			);
			defaultConfigurationIsVisible = 0;
			defaultConfigurationName = Release;
		};
/* End XCConfigurationList section */
	};
	rootObject = 69F8D29C2AE750C0001FE388 /* Project object */;
}
